// !$*UTF8*$!
{
	archiveVersion = 1;
	classes = {
	};
	objectVersion = 50;
	objects = {

/* Begin PBXBuildFile section */
		36F073BC29192BDA00FE6E05 /* AppDelegate.swift in Sources */ = {isa = PBXBuildFile; fileRef = 36F073BB29192BDA00FE6E05 /* AppDelegate.swift */; };
		36F073BE29192BDA00FE6E05 /* SceneDelegate.swift in Sources */ = {isa = PBXBuildFile; fileRef = 36F073BD29192BDA00FE6E05 /* SceneDelegate.swift */; };
		36F073C329192BDA00FE6E05 /* Main.storyboard in Resources */ = {isa = PBXBuildFile; fileRef = 36F073C129192BDA00FE6E05 /* Main.storyboard */; };
		36F073C529192BDC00FE6E05 /* Assets.xcassets in Resources */ = {isa = PBXBuildFile; fileRef = 36F073C429192BDC00FE6E05 /* Assets.xcassets */; };
		36F073C829192BDC00FE6E05 /* LaunchScreen.storyboard in Resources */ = {isa = PBXBuildFile; fileRef = 36F073C629192BDC00FE6E05 /* LaunchScreen.storyboard */; };
		36F073D329192BDC00FE6E05 /* jsonPlaceholder_APITests.swift in Sources */ = {isa = PBXBuildFile; fileRef = 36F073D229192BDC00FE6E05 /* jsonPlaceholder_APITests.swift */; };
		36F073DE29192BDC00FE6E05 /* jsonPlaceholder_APIUITests.swift in Sources */ = {isa = PBXBuildFile; fileRef = 36F073DD29192BDC00FE6E05 /* jsonPlaceholder_APIUITests.swift */; };
		36F073EE29192C6600FE6E05 /* NetworkManager.swift in Sources */ = {isa = PBXBuildFile; fileRef = 36F073ED29192C6600FE6E05 /* NetworkManager.swift */; };
		36F073F029192C8300FE6E05 /* NetworkHelper.swift in Sources */ = {isa = PBXBuildFile; fileRef = 36F073EF29192C8300FE6E05 /* NetworkHelper.swift */; };
		36F073FC29192E8200FE6E05 /* Model.swift in Sources */ = {isa = PBXBuildFile; fileRef = 36F073FB29192E8200FE6E05 /* Model.swift */; };
		36F073FE29192EBC00FE6E05 /* PostController.swift in Sources */ = {isa = PBXBuildFile; fileRef = 36F073FD29192EBC00FE6E05 /* PostController.swift */; };
		36F0740629192F5300FE6E05 /* PostViewModel.swift in Sources */ = {isa = PBXBuildFile; fileRef = 36F0740529192F5300FE6E05 /* PostViewModel.swift */; };
		36F074082919811700FE6E05 /* PostManager.swift in Sources */ = {isa = PBXBuildFile; fileRef = 36F074072919811700FE6E05 /* PostManager.swift */; };
/* End PBXBuildFile section */

/* Begin PBXContainerItemProxy section */
		36F073CF29192BDC00FE6E05 /* PBXContainerItemProxy */ = {
			isa = PBXContainerItemProxy;
			containerPortal = 36F073B029192BDA00FE6E05 /* Project object */;
			proxyType = 1;
			remoteGlobalIDString = 36F073B729192BDA00FE6E05;
			remoteInfo = "jsonPlaceholder API";
		};
		36F073DA29192BDC00FE6E05 /* PBXContainerItemProxy */ = {
			isa = PBXContainerItemProxy;
			containerPortal = 36F073B029192BDA00FE6E05 /* Project object */;
			proxyType = 1;
			remoteGlobalIDString = 36F073B729192BDA00FE6E05;
			remoteInfo = "jsonPlaceholder API";
		};
/* End PBXContainerItemProxy section */

/* Begin PBXFileReference section */
		36F073B829192BDA00FE6E05 /* jsonPlaceholder API.app */ = {isa = PBXFileReference; explicitFileType = wrapper.application; includeInIndex = 0; path = "jsonPlaceholder API.app"; sourceTree = BUILT_PRODUCTS_DIR; };
		36F073BB29192BDA00FE6E05 /* AppDelegate.swift */ = {isa = PBXFileReference; lastKnownFileType = sourcecode.swift; path = AppDelegate.swift; sourceTree = "<group>"; };
		36F073BD29192BDA00FE6E05 /* SceneDelegate.swift */ = {isa = PBXFileReference; lastKnownFileType = sourcecode.swift; path = SceneDelegate.swift; sourceTree = "<group>"; };
		36F073C229192BDA00FE6E05 /* Base */ = {isa = PBXFileReference; lastKnownFileType = file.storyboard; name = Base; path = Base.lproj/Main.storyboard; sourceTree = "<group>"; };
		36F073C429192BDC00FE6E05 /* Assets.xcassets */ = {isa = PBXFileReference; lastKnownFileType = folder.assetcatalog; path = Assets.xcassets; sourceTree = "<group>"; };
		36F073C729192BDC00FE6E05 /* Base */ = {isa = PBXFileReference; lastKnownFileType = file.storyboard; name = Base; path = Base.lproj/LaunchScreen.storyboard; sourceTree = "<group>"; };
		36F073C929192BDC00FE6E05 /* Info.plist */ = {isa = PBXFileReference; lastKnownFileType = text.plist.xml; path = Info.plist; sourceTree = "<group>"; };
		36F073CE29192BDC00FE6E05 /* jsonPlaceholder APITests.xctest */ = {isa = PBXFileReference; explicitFileType = wrapper.cfbundle; includeInIndex = 0; path = "jsonPlaceholder APITests.xctest"; sourceTree = BUILT_PRODUCTS_DIR; };
		36F073D229192BDC00FE6E05 /* jsonPlaceholder_APITests.swift */ = {isa = PBXFileReference; lastKnownFileType = sourcecode.swift; path = jsonPlaceholder_APITests.swift; sourceTree = "<group>"; };
		36F073D429192BDC00FE6E05 /* Info.plist */ = {isa = PBXFileReference; lastKnownFileType = text.plist.xml; path = Info.plist; sourceTree = "<group>"; };
		36F073D929192BDC00FE6E05 /* jsonPlaceholder APIUITests.xctest */ = {isa = PBXFileReference; explicitFileType = wrapper.cfbundle; includeInIndex = 0; path = "jsonPlaceholder APIUITests.xctest"; sourceTree = BUILT_PRODUCTS_DIR; };
		36F073DD29192BDC00FE6E05 /* jsonPlaceholder_APIUITests.swift */ = {isa = PBXFileReference; lastKnownFileType = sourcecode.swift; path = jsonPlaceholder_APIUITests.swift; sourceTree = "<group>"; };
		36F073DF29192BDC00FE6E05 /* Info.plist */ = {isa = PBXFileReference; lastKnownFileType = text.plist.xml; path = Info.plist; sourceTree = "<group>"; };
		36F073ED29192C6600FE6E05 /* NetworkManager.swift */ = {isa = PBXFileReference; lastKnownFileType = sourcecode.swift; path = NetworkManager.swift; sourceTree = "<group>"; };
		36F073EF29192C8300FE6E05 /* NetworkHelper.swift */ = {isa = PBXFileReference; lastKnownFileType = sourcecode.swift; path = NetworkHelper.swift; sourceTree = "<group>"; };
		36F073FB29192E8200FE6E05 /* Model.swift */ = {isa = PBXFileReference; lastKnownFileType = sourcecode.swift; path = Model.swift; sourceTree = "<group>"; };
		36F073FD29192EBC00FE6E05 /* PostController.swift */ = {isa = PBXFileReference; lastKnownFileType = sourcecode.swift; path = PostController.swift; sourceTree = "<group>"; };
		36F0740529192F5300FE6E05 /* PostViewModel.swift */ = {isa = PBXFileReference; lastKnownFileType = sourcecode.swift; path = PostViewModel.swift; sourceTree = "<group>"; };
		36F074072919811700FE6E05 /* PostManager.swift */ = {isa = PBXFileReference; lastKnownFileType = sourcecode.swift; path = PostManager.swift; sourceTree = "<group>"; };
/* End PBXFileReference section */

/* Begin PBXFrameworksBuildPhase section */
		36F073B529192BDA00FE6E05 /* Frameworks */ = {
			isa = PBXFrameworksBuildPhase;
			buildActionMask = 2147483647;
			files = (
			);
			runOnlyForDeploymentPostprocessing = 0;
		};
		36F073CB29192BDC00FE6E05 /* Frameworks */ = {
			isa = PBXFrameworksBuildPhase;
			buildActionMask = 2147483647;
			files = (
			);
			runOnlyForDeploymentPostprocessing = 0;
		};
		36F073D629192BDC00FE6E05 /* Frameworks */ = {
			isa = PBXFrameworksBuildPhase;
			buildActionMask = 2147483647;
			files = (
			);
			runOnlyForDeploymentPostprocessing = 0;
		};
/* End PBXFrameworksBuildPhase section */

/* Begin PBXGroup section */
		36F073AF29192BDA00FE6E05 = {
			isa = PBXGroup;
			children = (
				36F073BA29192BDA00FE6E05 /* jsonPlaceholder API */,
				36F073D129192BDC00FE6E05 /* jsonPlaceholder APITests */,
				36F073DC29192BDC00FE6E05 /* jsonPlaceholder APIUITests */,
				36F073B929192BDA00FE6E05 /* Products */,
			);
			sourceTree = "<group>";
		};
		36F073B929192BDA00FE6E05 /* Products */ = {
			isa = PBXGroup;
			children = (
				36F073B829192BDA00FE6E05 /* jsonPlaceholder API.app */,
				36F073CE29192BDC00FE6E05 /* jsonPlaceholder APITests.xctest */,
				36F073D929192BDC00FE6E05 /* jsonPlaceholder APIUITests.xctest */,
			);
			name = Products;
			sourceTree = "<group>";
		};
		36F073BA29192BDA00FE6E05 /* jsonPlaceholder API */ = {
			isa = PBXGroup;
			children = (
				36F073BB29192BDA00FE6E05 /* AppDelegate.swift */,
				36F073BD29192BDA00FE6E05 /* SceneDelegate.swift */,
				36F073EC29192C2200FE6E05 /* Core */,
				36F073FA29192E6C00FE6E05 /* Model */,
				36F073F529192D9A00FE6E05 /* Post */,
				36F073C129192BDA00FE6E05 /* Main.storyboard */,
				36F073C429192BDC00FE6E05 /* Assets.xcassets */,
				36F073C629192BDC00FE6E05 /* LaunchScreen.storyboard */,
				36F073C929192BDC00FE6E05 /* Info.plist */,
			);
			path = "jsonPlaceholder API";
			sourceTree = "<group>";
		};
		36F073D129192BDC00FE6E05 /* jsonPlaceholder APITests */ = {
			isa = PBXGroup;
			children = (
				36F073D229192BDC00FE6E05 /* jsonPlaceholder_APITests.swift */,
				36F073D429192BDC00FE6E05 /* Info.plist */,
			);
			path = "jsonPlaceholder APITests";
			sourceTree = "<group>";
		};
		36F073DC29192BDC00FE6E05 /* jsonPlaceholder APIUITests */ = {
			isa = PBXGroup;
			children = (
				36F073DD29192BDC00FE6E05 /* jsonPlaceholder_APIUITests.swift */,
				36F073DF29192BDC00FE6E05 /* Info.plist */,
			);
			path = "jsonPlaceholder APIUITests";
			sourceTree = "<group>";
		};
		36F073EC29192C2200FE6E05 /* Core */ = {
			isa = PBXGroup;
			children = (
				36F073ED29192C6600FE6E05 /* NetworkManager.swift */,
				36F073EF29192C8300FE6E05 /* NetworkHelper.swift */,
			);
			path = Core;
			sourceTree = "<group>";
		};
		36F073F529192D9A00FE6E05 /* Post */ = {
			isa = PBXGroup;
			children = (
				36F074072919811700FE6E05 /* PostManager.swift */,
				36F073FD29192EBC00FE6E05 /* PostController.swift */,
				36F0740529192F5300FE6E05 /* PostViewModel.swift */,
			);
			path = Post;
			sourceTree = "<group>";
		};
		36F073FA29192E6C00FE6E05 /* Model */ = {
			isa = PBXGroup;
			children = (
				36F073FB29192E8200FE6E05 /* Model.swift */,
			);
			path = Model;
			sourceTree = "<group>";
		};
/* End PBXGroup section */

/* Begin PBXNativeTarget section */
		36F073B729192BDA00FE6E05 /* jsonPlaceholder API */ = {
			isa = PBXNativeTarget;
			buildConfigurationList = 36F073E229192BDC00FE6E05 /* Build configuration list for PBXNativeTarget "jsonPlaceholder API" */;
			buildPhases = (
				36F073B429192BDA00FE6E05 /* Sources */,
				36F073B529192BDA00FE6E05 /* Frameworks */,
				36F073B629192BDA00FE6E05 /* Resources */,
			);
			buildRules = (
			);
			dependencies = (
			);
			name = "jsonPlaceholder API";
			productName = "jsonPlaceholder API";
			productReference = 36F073B829192BDA00FE6E05 /* jsonPlaceholder API.app */;
			productType = "com.apple.product-type.application";
		};
		36F073CD29192BDC00FE6E05 /* jsonPlaceholder APITests */ = {
			isa = PBXNativeTarget;
			buildConfigurationList = 36F073E529192BDC00FE6E05 /* Build configuration list for PBXNativeTarget "jsonPlaceholder APITests" */;
			buildPhases = (
				36F073CA29192BDC00FE6E05 /* Sources */,
				36F073CB29192BDC00FE6E05 /* Frameworks */,
				36F073CC29192BDC00FE6E05 /* Resources */,
			);
			buildRules = (
			);
			dependencies = (
				36F073D029192BDC00FE6E05 /* PBXTargetDependency */,
			);
			name = "jsonPlaceholder APITests";
			productName = "jsonPlaceholder APITests";
			productReference = 36F073CE29192BDC00FE6E05 /* jsonPlaceholder APITests.xctest */;
			productType = "com.apple.product-type.bundle.unit-test";
		};
		36F073D829192BDC00FE6E05 /* jsonPlaceholder APIUITests */ = {
			isa = PBXNativeTarget;
			buildConfigurationList = 36F073E829192BDC00FE6E05 /* Build configuration list for PBXNativeTarget "jsonPlaceholder APIUITests" */;
			buildPhases = (
				36F073D529192BDC00FE6E05 /* Sources */,
				36F073D629192BDC00FE6E05 /* Frameworks */,
				36F073D729192BDC00FE6E05 /* Resources */,
			);
			buildRules = (
			);
			dependencies = (
				36F073DB29192BDC00FE6E05 /* PBXTargetDependency */,
			);
			name = "jsonPlaceholder APIUITests";
			productName = "jsonPlaceholder APIUITests";
			productReference = 36F073D929192BDC00FE6E05 /* jsonPlaceholder APIUITests.xctest */;
			productType = "com.apple.product-type.bundle.ui-testing";
		};
/* End PBXNativeTarget section */

/* Begin PBXProject section */
		36F073B029192BDA00FE6E05 /* Project object */ = {
			isa = PBXProject;
			attributes = {
				LastSwiftUpdateCheck = 1100;
				LastUpgradeCheck = 1100;
				ORGANIZATIONNAME = can;
				TargetAttributes = {
					36F073B729192BDA00FE6E05 = {
						CreatedOnToolsVersion = 11.0;
					};
					36F073CD29192BDC00FE6E05 = {
						CreatedOnToolsVersion = 11.0;
						TestTargetID = 36F073B729192BDA00FE6E05;
					};
					36F073D829192BDC00FE6E05 = {
						CreatedOnToolsVersion = 11.0;
						TestTargetID = 36F073B729192BDA00FE6E05;
					};
				};
			};
			buildConfigurationList = 36F073B329192BDA00FE6E05 /* Build configuration list for PBXProject "jsonPlaceholder API" */;
			compatibilityVersion = "Xcode 9.3";
			developmentRegion = en;
			hasScannedForEncodings = 0;
			knownRegions = (
				en,
				Base,
			);
			mainGroup = 36F073AF29192BDA00FE6E05;
			productRefGroup = 36F073B929192BDA00FE6E05 /* Products */;
			projectDirPath = "";
			projectRoot = "";
			targets = (
				36F073B729192BDA00FE6E05 /* jsonPlaceholder API */,
				36F073CD29192BDC00FE6E05 /* jsonPlaceholder APITests */,
				36F073D829192BDC00FE6E05 /* jsonPlaceholder APIUITests */,
			);
		};
/* End PBXProject section */

/* Begin PBXResourcesBuildPhase section */
		36F073B629192BDA00FE6E05 /* Resources */ = {
			isa = PBXResourcesBuildPhase;
			buildActionMask = 2147483647;
			files = (
				36F073C829192BDC00FE6E05 /* LaunchScreen.storyboard in Resources */,
				36F073C529192BDC00FE6E05 /* Assets.xcassets in Resources */,
				36F073C329192BDA00FE6E05 /* Main.storyboard in Resources */,
			);
			runOnlyForDeploymentPostprocessing = 0;
		};
		36F073CC29192BDC00FE6E05 /* Resources */ = {
			isa = PBXResourcesBuildPhase;
			buildActionMask = 2147483647;
			files = (
			);
			runOnlyForDeploymentPostprocessing = 0;
		};
		36F073D729192BDC00FE6E05 /* Resources */ = {
			isa = PBXResourcesBuildPhase;
			buildActionMask = 2147483647;
			files = (
			);
			runOnlyForDeploymentPostprocessing = 0;
		};
/* End PBXResourcesBuildPhase section */

/* Begin PBXSourcesBuildPhase section */
		36F073B429192BDA00FE6E05 /* Sources */ = {
			isa = PBXSourcesBuildPhase;
			buildActionMask = 2147483647;
			files = (
				36F073FC29192E8200FE6E05 /* Model.swift in Sources */,
				36F073EE29192C6600FE6E05 /* NetworkManager.swift in Sources */,
				36F073FE29192EBC00FE6E05 /* PostController.swift in Sources */,
				36F073F029192C8300FE6E05 /* NetworkHelper.swift in Sources */,
				36F0740629192F5300FE6E05 /* PostViewModel.swift in Sources */,
				36F073BC29192BDA00FE6E05 /* AppDelegate.swift in Sources */,
				36F074082919811700FE6E05 /* PostManager.swift in Sources */,
				36F073BE29192BDA00FE6E05 /* SceneDelegate.swift in Sources */,
			);
			runOnlyForDeploymentPostprocessing = 0;
		};
		36F073CA29192BDC00FE6E05 /* Sources */ = {
			isa = PBXSourcesBuildPhase;
			buildActionMask = 2147483647;
			files = (
				36F073D329192BDC00FE6E05 /* jsonPlaceholder_APITests.swift in Sources */,
			);
			runOnlyForDeploymentPostprocessing = 0;
		};
		36F073D529192BDC00FE6E05 /* Sources */ = {
			isa = PBXSourcesBuildPhase;
			buildActionMask = 2147483647;
			files = (
				36F073DE29192BDC00FE6E05 /* jsonPlaceholder_APIUITests.swift in Sources */,
			);
			runOnlyForDeploymentPostprocessing = 0;
		};
/* End PBXSourcesBuildPhase section */

/* Begin PBXTargetDependency section */
		36F073D029192BDC00FE6E05 /* PBXTargetDependency */ = {
			isa = PBXTargetDependency;
			target = 36F073B729192BDA00FE6E05 /* jsonPlaceholder API */;
			targetProxy = 36F073CF29192BDC00FE6E05 /* PBXContainerItemProxy */;
		};
		36F073DB29192BDC00FE6E05 /* PBXTargetDependency */ = {
			isa = PBXTargetDependency;
			target = 36F073B729192BDA00FE6E05 /* jsonPlaceholder API */;
			targetProxy = 36F073DA29192BDC00FE6E05 /* PBXContainerItemProxy */;
		};
/* End PBXTargetDependency section */

/* Begin PBXVariantGroup section */
		36F073C129192BDA00FE6E05 /* Main.storyboard */ = {
			isa = PBXVariantGroup;
			children = (
				36F073C229192BDA00FE6E05 /* Base */,
			);
			name = Main.storyboard;
			sourceTree = "<group>";
		};
		36F073C629192BDC00FE6E05 /* LaunchScreen.storyboard */ = {
			isa = PBXVariantGroup;
			children = (
				36F073C729192BDC00FE6E05 /* Base */,
			);
			name = LaunchScreen.storyboard;
			sourceTree = "<group>";
		};
/* End PBXVariantGroup section */

/* Begin XCBuildConfiguration section */
		36F073E029192BDC00FE6E05 /* Debug */ = {
			isa = XCBuildConfiguration;
			buildSettings = {
				ALWAYS_SEARCH_USER_PATHS = NO;
				CLANG_ANALYZER_NONNULL = YES;
				CLANG_ANALYZER_NUMBER_OBJECT_CONVERSION = YES_AGGRESSIVE;
				CLANG_CXX_LANGUAGE_STANDARD = "gnu++14";
				CLANG_CXX_LIBRARY = "libc++";
				CLANG_ENABLE_MODULES = YES;
				CLANG_ENABLE_OBJC_ARC = YES;
				CLANG_ENABLE_OBJC_WEAK = YES;
				CLANG_WARN_BLOCK_CAPTURE_AUTORELEASING = YES;
				CLANG_WARN_BOOL_CONVERSION = YES;
				CLANG_WARN_COMMA = YES;
				CLANG_WARN_CONSTANT_CONVERSION = YES;
				CLANG_WARN_DEPRECATED_OBJC_IMPLEMENTATIONS = YES;
				CLANG_WARN_DIRECT_OBJC_ISA_USAGE = YES_ERROR;
				CLANG_WARN_DOCUMENTATION_COMMENTS = YES;
				CLANG_WARN_EMPTY_BODY = YES;
				CLANG_WARN_ENUM_CONVERSION = YES;
				CLANG_WARN_INFINITE_RECURSION = YES;
				CLANG_WARN_INT_CONVERSION = YES;
				CLANG_WARN_NON_LITERAL_NULL_CONVERSION = YES;
				CLANG_WARN_OBJC_IMPLICIT_RETAIN_SELF = YES;
				CLANG_WARN_OBJC_LITERAL_CONVERSION = YES;
				CLANG_WARN_OBJC_ROOT_CLASS = YES_ERROR;
				CLANG_WARN_RANGE_LOOP_ANALYSIS = YES;
				CLANG_WARN_STRICT_PROTOTYPES = YES;
				CLANG_WARN_SUSPICIOUS_MOVE = YES;
				CLANG_WARN_UNGUARDED_AVAILABILITY = YES_AGGRESSIVE;
				CLANG_WARN_UNREACHABLE_CODE = YES;
				CLANG_WARN__DUPLICATE_METHOD_MATCH = YES;
				COPY_PHASE_STRIP = NO;
				DEBUG_INFORMATION_FORMAT = dwarf;
				ENABLE_STRICT_OBJC_MSGSEND = YES;
				ENABLE_TESTABILITY = YES;
				GCC_C_LANGUAGE_STANDARD = gnu11;
				GCC_DYNAMIC_NO_PIC = NO;
				GCC_NO_COMMON_BLOCKS = YES;
				GCC_OPTIMIZATION_LEVEL = 0;
				GCC_PREPROCESSOR_DEFINITIONS = (
					"DEBUG=1",
					"$(inherited)",
				);
				GCC_WARN_64_TO_32_BIT_CONVERSION = YES;
				GCC_WARN_ABOUT_RETURN_TYPE = YES_ERROR;
				GCC_WARN_UNDECLARED_SELECTOR = YES;
				GCC_WARN_UNINITIALIZED_AUTOS = YES_AGGRESSIVE;
				GCC_WARN_UNUSED_FUNCTION = YES;
				GCC_WARN_UNUSED_VARIABLE = YES;
				IPHONEOS_DEPLOYMENT_TARGET = 13.0;
				MTL_ENABLE_DEBUG_INFO = INCLUDE_SOURCE;
				MTL_FAST_MATH = YES;
				ONLY_ACTIVE_ARCH = YES;
				SDKROOT = iphoneos;
				SWIFT_ACTIVE_COMPILATION_CONDITIONS = DEBUG;
				SWIFT_OPTIMIZATION_LEVEL = "-Onone";
			};
			name = Debug;
		};
		36F073E129192BDC00FE6E05 /* Release */ = {
			isa = XCBuildConfiguration;
			buildSettings = {
				ALWAYS_SEARCH_USER_PATHS = NO;
				CLANG_ANALYZER_NONNULL = YES;
				CLANG_ANALYZER_NUMBER_OBJECT_CONVERSION = YES_AGGRESSIVE;
				CLANG_CXX_LANGUAGE_STANDARD = "gnu++14";
				CLANG_CXX_LIBRARY = "libc++";
				CLANG_ENABLE_MODULES = YES;
				CLANG_ENABLE_OBJC_ARC = YES;
				CLANG_ENABLE_OBJC_WEAK = YES;
				CLANG_WARN_BLOCK_CAPTURE_AUTORELEASING = YES;
				CLANG_WARN_BOOL_CONVERSION = YES;
				CLANG_WARN_COMMA = YES;
				CLANG_WARN_CONSTANT_CONVERSION = YES;
				CLANG_WARN_DEPRECATED_OBJC_IMPLEMENTATIONS = YES;
				CLANG_WARN_DIRECT_OBJC_ISA_USAGE = YES_ERROR;
				CLANG_WARN_DOCUMENTATION_COMMENTS = YES;
				CLANG_WARN_EMPTY_BODY = YES;
				CLANG_WARN_ENUM_CONVERSION = YES;
				CLANG_WARN_INFINITE_RECURSION = YES;
				CLANG_WARN_INT_CONVERSION = YES;
				CLANG_WARN_NON_LITERAL_NULL_CONVERSION = YES;
				CLANG_WARN_OBJC_IMPLICIT_RETAIN_SELF = YES;
				CLANG_WARN_OBJC_LITERAL_CONVERSION = YES;
				CLANG_WARN_OBJC_ROOT_CLASS = YES_ERROR;
				CLANG_WARN_RANGE_LOOP_ANALYSIS = YES;
				CLANG_WARN_STRICT_PROTOTYPES = YES;
				CLANG_WARN_SUSPICIOUS_MOVE = YES;
				CLANG_WARN_UNGUARDED_AVAILABILITY = YES_AGGRESSIVE;
				CLANG_WARN_UNREACHABLE_CODE = YES;
				CLANG_WARN__DUPLICATE_METHOD_MATCH = YES;
				COPY_PHASE_STRIP = NO;
				DEBUG_INFORMATION_FORMAT = "dwarf-with-dsym";
				ENABLE_NS_ASSERTIONS = NO;
				ENABLE_STRICT_OBJC_MSGSEND = YES;
				GCC_C_LANGUAGE_STANDARD = gnu11;
				GCC_NO_COMMON_BLOCKS = YES;
				GCC_WARN_64_TO_32_BIT_CONVERSION = YES;
				GCC_WARN_ABOUT_RETURN_TYPE = YES_ERROR;
				GCC_WARN_UNDECLARED_SELECTOR = YES;
				GCC_WARN_UNINITIALIZED_AUTOS = YES_AGGRESSIVE;
				GCC_WARN_UNUSED_FUNCTION = YES;
				GCC_WARN_UNUSED_VARIABLE = YES;
				IPHONEOS_DEPLOYMENT_TARGET = 13.0;
				MTL_ENABLE_DEBUG_INFO = NO;
				MTL_FAST_MATH = YES;
				SDKROOT = iphoneos;
				SWIFT_COMPILATION_MODE = wholemodule;
				SWIFT_OPTIMIZATION_LEVEL = "-O";
				VALIDATE_PRODUCT = YES;
			};
			name = Release;
		};
		36F073E329192BDC00FE6E05 /* Debug */ = {
			isa = XCBuildConfiguration;
			buildSettings = {
				ASSETCATALOG_COMPILER_APPICON_NAME = AppIcon;
				CODE_SIGN_STYLE = Automatic;
				DEVELOPMENT_TEAM = ZZ4HHKL822;
				INFOPLIST_FILE = "jsonPlaceholder API/Info.plist";
				LD_RUNPATH_SEARCH_PATHS = (
					"$(inherited)",
					"@executable_path/Frameworks",
				);
				PRODUCT_BUNDLE_IDENTIFIER = "com.cantetiker.jsonPlaceholder-API";
				PRODUCT_NAME = "$(TARGET_NAME)";
				SWIFT_VERSION = 5.0;
				TARGETED_DEVICE_FAMILY = 1;
			};
			name = Debug;
		};
		36F073E429192BDC00FE6E05 /* Release */ = {
			isa = XCBuildConfiguration;
			buildSettings = {
				ASSETCATALOG_COMPILER_APPICON_NAME = AppIcon;
				CODE_SIGN_STYLE = Automatic;
				DEVELOPMENT_TEAM = ZZ4HHKL822;
				INFOPLIST_FILE = "jsonPlaceholder API/Info.plist";
				LD_RUNPATH_SEARCH_PATHS = (
					"$(inherited)",
					"@executable_path/Frameworks",
				);
				PRODUCT_BUNDLE_IDENTIFIER = "com.cantetiker.jsonPlaceholder-API";
				PRODUCT_NAME = "$(TARGET_NAME)";
				SWIFT_VERSION = 5.0;
				TARGETED_DEVICE_FAMILY = 1;
			};
			name = Release;
		};
		36F073E629192BDC00FE6E05 /* Debug */ = {
			isa = XCBuildConfiguration;
			buildSettings = {
				ALWAYS_EMBED_SWIFT_STANDARD_LIBRARIES = YES;
				BUNDLE_LOADER = "$(TEST_HOST)";
				CODE_SIGN_STYLE = Automatic;
				INFOPLIST_FILE = "jsonPlaceholder APITests/Info.plist";
				IPHONEOS_DEPLOYMENT_TARGET = 13.0;
				LD_RUNPATH_SEARCH_PATHS = (
					"$(inherited)",
					"@executable_path/Frameworks",
					"@loader_path/Frameworks",
				);
				PRODUCT_BUNDLE_IDENTIFIER = "com.cantetiker.jsonPlaceholder-APITests";
				PRODUCT_NAME = "$(TARGET_NAME)";
				SWIFT_VERSION = 5.0;
				TARGETED_DEVICE_FAMILY = "1,2";
				TEST_HOST = "$(BUILT_PRODUCTS_DIR)/jsonPlaceholder API.app/jsonPlaceholder API";
			};
			name = Debug;
		};
		36F073E729192BDC00FE6E05 /* Release */ = {
			isa = XCBuildConfiguration;
			buildSettings = {
				ALWAYS_EMBED_SWIFT_STANDARD_LIBRARIES = YES;
				BUNDLE_LOADER = "$(TEST_HOST)";
				CODE_SIGN_STYLE = Automatic;
				INFOPLIST_FILE = "jsonPlaceholder APITests/Info.plist";
				IPHONEOS_DEPLOYMENT_TARGET = 13.0;
				LD_RUNPATH_SEARCH_PATHS = (
					"$(inherited)",
					"@executable_path/Frameworks",
					"@loader_path/Frameworks",
				);
				PRODUCT_BUNDLE_IDENTIFIER = "com.cantetiker.jsonPlaceholder-APITests";
				PRODUCT_NAME = "$(TARGET_NAME)";
				SWIFT_VERSION = 5.0;
				TARGETED_DEVICE_FAMILY = "1,2";
				TEST_HOST = "$(BUILT_PRODUCTS_DIR)/jsonPlaceholder API.app/jsonPlaceholder API";
			};
			name = Release;
		};
		36F073E929192BDC00FE6E05 /* Debug */ = {
			isa = XCBuildConfiguration;
			buildSettings = {
				ALWAYS_EMBED_SWIFT_STANDARD_LIBRARIES = YES;
				CODE_SIGN_STYLE = Automatic;
				INFOPLIST_FILE = "jsonPlaceholder APIUITests/Info.plist";
				LD_RUNPATH_SEARCH_PATHS = (
					"$(inherited)",
					"@executable_path/Frameworks",
					"@loader_path/Frameworks",
				);
				PRODUCT_BUNDLE_IDENTIFIER = "com.cantetiker.jsonPlaceholder-APIUITests";
				PRODUCT_NAME = "$(TARGET_NAME)";
				SWIFT_VERSION = 5.0;
				TARGETED_DEVICE_FAMILY = "1,2";
				TEST_TARGET_NAME = "jsonPlaceholder API";
			};
			name = Debug;
		};
		36F073EA29192BDC00FE6E05 /* Release */ = {
			isa = XCBuildConfiguration;
			buildSettings = {
				ALWAYS_EMBED_SWIFT_STANDARD_LIBRARIES = YES;
				CODE_SIGN_STYLE = Automatic;
				INFOPLIST_FILE = "jsonPlaceholder APIUITests/Info.plist";
				LD_RUNPATH_SEARCH_PATHS = (
					"$(inherited)",
					"@executable_path/Frameworks",
					"@loader_path/Frameworks",
				);
				PRODUCT_BUNDLE_IDENTIFIER = "com.cantetiker.jsonPlaceholder-APIUITests";
				PRODUCT_NAME = "$(TARGET_NAME)";
				SWIFT_VERSION = 5.0;
				TARGETED_DEVICE_FAMILY = "1,2";
				TEST_TARGET_NAME = "jsonPlaceholder API";
			};
			name = Release;
		};
/* End XCBuildConfiguration section */

/* Begin XCConfigurationList section */
		36F073B329192BDA00FE6E05 /* Build configuration list for PBXProject "jsonPlaceholder API" */ = {
			isa = XCConfigurationList;
			buildConfigurations = (
				36F073E029192BDC00FE6E05 /* Debug */,
				36F073E129192BDC00FE6E05 /* Release */,
			);
			defaultConfigurationIsVisible = 0;
			defaultConfigurationName = Release;
		};
		36F073E229192BDC00FE6E05 /* Build configuration list for PBXNativeTarget "jsonPlaceholder API" */ = {
			isa = XCConfigurationList;
			buildConfigurations = (
				36F073E329192BDC00FE6E05 /* Debug */,
				36F073E429192BDC00FE6E05 /* Release */,
			);
			defaultConfigurationIsVisible = 0;
			defaultConfigurationName = Release;
		};
		36F073E529192BDC00FE6E05 /* Build configuration list for PBXNativeTarget "jsonPlaceholder APITests" */ = {
			isa = XCConfigurationList;
			buildConfigurations = (
				36F073E629192BDC00FE6E05 /* Debug */,
				36F073E729192BDC00FE6E05 /* Release */,
			);
			defaultConfigurationIsVisible = 0;
			defaultConfigurationName = Release;
		};
		36F073E829192BDC00FE6E05 /* Build configuration list for PBXNativeTarget "jsonPlaceholder APIUITests" */ = {
			isa = XCConfigurationList;
			buildConfigurations = (
				36F073E929192BDC00FE6E05 /* Debug */,
				36F073EA29192BDC00FE6E05 /* Release */,
			);
			defaultConfigurationIsVisible = 0;
			defaultConfigurationName = Release;
		};
/* End XCConfigurationList section */
	};
	rootObject = 36F073B029192BDA00FE6E05 /* Project object */;
}
